// !$*UTF8*$!
{
	archiveVersion = 1;
	classes = {
	};
	objectVersion = 46;
	objects = {

/* Begin PBXBuildFile section */
		598EF9CC07F497BB05703E7F /* Pods_SalesApp.framework in Frameworks */ = {isa = PBXBuildFile; fileRef = FEF2E116496784C88E9EB554 /* Pods_SalesApp.framework */; };
		A0744DB71DEBE3D800BFD82E /* AppDelegate.swift in Sources */ = {isa = PBXBuildFile; fileRef = A0744DB61DEBE3D800BFD82E /* AppDelegate.swift */; };
		A0744DB91DEBE3D800BFD82E /* SignInVC.swift in Sources */ = {isa = PBXBuildFile; fileRef = A0744DB81DEBE3D800BFD82E /* SignInVC.swift */; };
		A0744DBC1DEBE3D800BFD82E /* Main.storyboard in Resources */ = {isa = PBXBuildFile; fileRef = A0744DBA1DEBE3D800BFD82E /* Main.storyboard */; };
		A0744DBF1DEBE3D800BFD82E /* SalesApp.xcdatamodeld in Sources */ = {isa = PBXBuildFile; fileRef = A0744DBD1DEBE3D800BFD82E /* SalesApp.xcdatamodeld */; };
		A0744DC11DEBE3D800BFD82E /* Assets.xcassets in Resources */ = {isa = PBXBuildFile; fileRef = A0744DC01DEBE3D800BFD82E /* Assets.xcassets */; };
		A0744DC41DEBE3D800BFD82E /* LaunchScreen.storyboard in Resources */ = {isa = PBXBuildFile; fileRef = A0744DC21DEBE3D800BFD82E /* LaunchScreen.storyboard */; };
		A0744DCC1DEBE44A00BFD82E /* GoogleService-Info.plist in Resources */ = {isa = PBXBuildFile; fileRef = A0744DCB1DEBE44A00BFD82E /* GoogleService-Info.plist */; };
/* End PBXBuildFile section */

/* Begin PBXFileReference section */
		5CDFC35F2024C3B6630E9569 /* Pods-SalesApp.release.xcconfig */ = {isa = PBXFileReference; includeInIndex = 1; lastKnownFileType = text.xcconfig; name = "Pods-SalesApp.release.xcconfig"; path = "Pods/Target Support Files/Pods-SalesApp/Pods-SalesApp.release.xcconfig"; sourceTree = "<group>"; };
		A0744DB31DEBE3D800BFD82E /* SalesApp.app */ = {isa = PBXFileReference; explicitFileType = wrapper.application; includeInIndex = 0; path = SalesApp.app; sourceTree = BUILT_PRODUCTS_DIR; };
		A0744DB61DEBE3D800BFD82E /* AppDelegate.swift */ = {isa = PBXFileReference; lastKnownFileType = sourcecode.swift; path = AppDelegate.swift; sourceTree = "<group>"; };
		A0744DB81DEBE3D800BFD82E /* SignInVC.swift */ = {isa = PBXFileReference; lastKnownFileType = sourcecode.swift; path = SignInVC.swift; sourceTree = "<group>"; };
		A0744DBB1DEBE3D800BFD82E /* Base */ = {isa = PBXFileReference; lastKnownFileType = file.storyboard; name = Base; path = Base.lproj/Main.storyboard; sourceTree = "<group>"; };
		A0744DBE1DEBE3D800BFD82E /* SalesApp.xcdatamodel */ = {isa = PBXFileReference; lastKnownFileType = wrapper.xcdatamodel; path = SalesApp.xcdatamodel; sourceTree = "<group>"; };
		A0744DC01DEBE3D800BFD82E /* Assets.xcassets */ = {isa = PBXFileReference; lastKnownFileType = folder.assetcatalog; path = Assets.xcassets; sourceTree = "<group>"; };
		A0744DC31DEBE3D800BFD82E /* Base */ = {isa = PBXFileReference; lastKnownFileType = file.storyboard; name = Base; path = Base.lproj/LaunchScreen.storyboard; sourceTree = "<group>"; };
		A0744DC51DEBE3D800BFD82E /* Info.plist */ = {isa = PBXFileReference; lastKnownFileType = text.plist.xml; path = Info.plist; sourceTree = "<group>"; };
		A0744DCB1DEBE44A00BFD82E /* GoogleService-Info.plist */ = {isa = PBXFileReference; fileEncoding = 4; lastKnownFileType = text.plist.xml; path = "GoogleService-Info.plist"; sourceTree = "<group>"; };
		BA303E824CA36AD9E9A4699A /* Pods-SalesApp.debug.xcconfig */ = {isa = PBXFileReference; includeInIndex = 1; lastKnownFileType = text.xcconfig; name = "Pods-SalesApp.debug.xcconfig"; path = "Pods/Target Support Files/Pods-SalesApp/Pods-SalesApp.debug.xcconfig"; sourceTree = "<group>"; };
		FEF2E116496784C88E9EB554 /* Pods_SalesApp.framework */ = {isa = PBXFileReference; explicitFileType = wrapper.framework; includeInIndex = 0; path = Pods_SalesApp.framework; sourceTree = BUILT_PRODUCTS_DIR; };
/* End PBXFileReference section */

/* Begin PBXFrameworksBuildPhase section */
		A0744DB01DEBE3D800BFD82E /* Frameworks */ = {
			isa = PBXFrameworksBuildPhase;
			buildActionMask = 2147483647;
			files = (
				598EF9CC07F497BB05703E7F /* Pods_SalesApp.framework in Frameworks */,
			);
			runOnlyForDeploymentPostprocessing = 0;
		};
/* End PBXFrameworksBuildPhase section */

/* Begin PBXGroup section */
		8679C782B5BBDD24C02DE1EE /* Frameworks */ = {
			isa = PBXGroup;
			children = (
				FEF2E116496784C88E9EB554 /* Pods_SalesApp.framework */,
			);
			name = Frameworks;
			sourceTree = "<group>";
		};
		A0744DAA1DEBE3D800BFD82E = {
			isa = PBXGroup;
			children = (
				A0744DB51DEBE3D800BFD82E /* SalesApp */,
				A0744DB41DEBE3D800BFD82E /* Products */,
				AB8D11CA4361CEC8B5EFF00A /* Pods */,
				8679C782B5BBDD24C02DE1EE /* Frameworks */,
			);
			sourceTree = "<group>";
		};
		A0744DB41DEBE3D800BFD82E /* Products */ = {
			isa = PBXGroup;
			children = (
				A0744DB31DEBE3D800BFD82E /* SalesApp.app */,
			);
			name = Products;
			sourceTree = "<group>";
		};
		A0744DB51DEBE3D800BFD82E /* SalesApp */ = {
			isa = PBXGroup;
			children = (
				A0744DCF1DEBE5D400BFD82E /* Controller */,
				A0744DCE1DEBE5CD00BFD82E /* View */,
				A0744DCD1DEBE5C600BFD82E /* Model */,
				A0744DB61DEBE3D800BFD82E /* AppDelegate.swift */,
				A0744DBA1DEBE3D800BFD82E /* Main.storyboard */,
				A0744DC01DEBE3D800BFD82E /* Assets.xcassets */,
				A0744DC21DEBE3D800BFD82E /* LaunchScreen.storyboard */,
				A0744DC51DEBE3D800BFD82E /* Info.plist */,
				A0744DBD1DEBE3D800BFD82E /* SalesApp.xcdatamodeld */,
				A0744DCB1DEBE44A00BFD82E /* GoogleService-Info.plist */,
			);
			path = SalesApp;
			sourceTree = "<group>";
		};
		A0744DCD1DEBE5C600BFD82E /* Model */ = {
			isa = PBXGroup;
			children = (
			);
			name = Model;
			sourceTree = "<group>";
		};
		A0744DCE1DEBE5CD00BFD82E /* View */ = {
			isa = PBXGroup;
			children = (
			);
			name = View;
			sourceTree = "<group>";
		};
		A0744DCF1DEBE5D400BFD82E /* Controller */ = {
			isa = PBXGroup;
			children = (
				A0744DB81DEBE3D800BFD82E /* SignInVC.swift */,
			);
			name = Controller;
			sourceTree = "<group>";
		};
		AB8D11CA4361CEC8B5EFF00A /* Pods */ = {
			isa = PBXGroup;
			children = (
				BA303E824CA36AD9E9A4699A /* Pods-SalesApp.debug.xcconfig */,
				5CDFC35F2024C3B6630E9569 /* Pods-SalesApp.release.xcconfig */,
			);
			name = Pods;
			sourceTree = "<group>";
		};
/* End PBXGroup section */

/* Begin PBXNativeTarget section */
		A0744DB21DEBE3D800BFD82E /* SalesApp */ = {
			isa = PBXNativeTarget;
			buildConfigurationList = A0744DC81DEBE3D800BFD82E /* Build configuration list for PBXNativeTarget "SalesApp" */;
			buildPhases = (
				AD452D414AE44252A8799F73 /* 📦 Check Pods Manifest.lock */,
				A0744DAF1DEBE3D800BFD82E /* Sources */,
				A0744DB01DEBE3D800BFD82E /* Frameworks */,
				A0744DB11DEBE3D800BFD82E /* Resources */,
				72FA78D95FF31450AB19BCDC /* 📦 Embed Pods Frameworks */,
				A315995468A1951441809161 /* 📦 Copy Pods Resources */,
			);
			buildRules = (
			);
			dependencies = (
			);
			name = SalesApp;
			productName = SalesApp;
			productReference = A0744DB31DEBE3D800BFD82E /* SalesApp.app */;
			productType = "com.apple.product-type.application";
		};
/* End PBXNativeTarget section */

/* Begin PBXProject section */
		A0744DAB1DEBE3D800BFD82E /* Project object */ = {
			isa = PBXProject;
			attributes = {
				LastSwiftUpdateCheck = 0810;
				LastUpgradeCheck = 0810;
				ORGANIZATIONNAME = KobePham;
				TargetAttributes = {
					A0744DB21DEBE3D800BFD82E = {
						CreatedOnToolsVersion = 8.1;
						DevelopmentTeam = XU5X4U3S59;
						ProvisioningStyle = Automatic;
					};
				};
			};
			buildConfigurationList = A0744DAE1DEBE3D800BFD82E /* Build configuration list for PBXProject "SalesApp" */;
			compatibilityVersion = "Xcode 3.2";
			developmentRegion = English;
			hasScannedForEncodings = 0;
			knownRegions = (
				en,
				Base,
			);
			mainGroup = A0744DAA1DEBE3D800BFD82E;
			productRefGroup = A0744DB41DEBE3D800BFD82E /* Products */;
			projectDirPath = "";
			projectRoot = "";
			targets = (
				A0744DB21DEBE3D800BFD82E /* SalesApp */,
			);
		};
/* End PBXProject section */

/* Begin PBXResourcesBuildPhase section */
		A0744DB11DEBE3D800BFD82E /* Resources */ = {
			isa = PBXResourcesBuildPhase;
			buildActionMask = 2147483647;
			files = (
				A0744DC41DEBE3D800BFD82E /* LaunchScreen.storyboard in Resources */,
				A0744DCC1DEBE44A00BFD82E /* GoogleService-Info.plist in Resources */,
				A0744DC11DEBE3D800BFD82E /* Assets.xcassets in Resources */,
				A0744DBC1DEBE3D800BFD82E /* Main.storyboard in Resources */,
			);
			runOnlyForDeploymentPostprocessing = 0;
		};
/* End PBXResourcesBuildPhase section */

/* Begin PBXShellScriptBuildPhase section */
		72FA78D95FF31450AB19BCDC /* 📦 Embed Pods Frameworks */ = {
			isa = PBXShellScriptBuildPhase;
			buildActionMask = 2147483647;
			files = (
			);
			inputPaths = (
			);
			name = "📦 Embed Pods Frameworks";
			outputPaths = (
			);
			runOnlyForDeploymentPostprocessing = 0;
			shellPath = /bin/sh;
			shellScript = "\"${SRCROOT}/Pods/Target Support Files/Pods-SalesApp/Pods-SalesApp-frameworks.sh\"\n";
			showEnvVarsInLog = 0;
		};
		A315995468A1951441809161 /* 📦 Copy Pods Resources */ = {
			isa = PBXShellScriptBuildPhase;
			buildActionMask = 2147483647;
			files = (
			);
			inputPaths = (
			);
			name = "📦 Copy Pods Resources";
			outputPaths = (
			);
			runOnlyForDeploymentPostprocessing = 0;
			shellPath = /bin/sh;
			shellScript = "\"${SRCROOT}/Pods/Target Support Files/Pods-SalesApp/Pods-SalesApp-resources.sh\"\n";
			showEnvVarsInLog = 0;
		};
		AD452D414AE44252A8799F73 /* 📦 Check Pods Manifest.lock */ = {
			isa = PBXShellScriptBuildPhase;
			buildActionMask = 2147483647;
			files = (
			);
			inputPaths = (
			);
			name = "📦 Check Pods Manifest.lock";
			outputPaths = (
			);
			runOnlyForDeploymentPostprocessing = 0;
			shellPath = /bin/sh;
			shellScript = "diff \"${PODS_ROOT}/../Podfile.lock\" \"${PODS_ROOT}/Manifest.lock\" > /dev/null\nif [[ $? != 0 ]] ; then\n    cat << EOM\nerror: The sandbox is not in sync with the Podfile.lock. Run 'pod install' or update your CocoaPods installation.\nEOM\n    exit 1\nfi\n";
			showEnvVarsInLog = 0;
		};
/* End PBXShellScriptBuildPhase section */

/* Begin PBXSourcesBuildPhase section */
		A0744DAF1DEBE3D800BFD82E /* Sources */ = {
			isa = PBXSourcesBuildPhase;
			buildActionMask = 2147483647;
			files = (
				A0744DBF1DEBE3D800BFD82E /* SalesApp.xcdatamodeld in Sources */,
				A0744DB91DEBE3D800BFD82E /* SignInVC.swift in Sources */,
				A0744DB71DEBE3D800BFD82E /* AppDelegate.swift in Sources */,
			);
			runOnlyForDeploymentPostprocessing = 0;
		};
/* End PBXSourcesBuildPhase section */

/* Begin PBXVariantGroup section */
		A0744DBA1DEBE3D800BFD82E /* Main.storyboard */ = {
			isa = PBXVariantGroup;
			children = (
				A0744DBB1DEBE3D800BFD82E /* Base */,
			);
			name = Main.storyboard;
			sourceTree = "<group>";
		};
		A0744DC21DEBE3D800BFD82E /* LaunchScreen.storyboard */ = {
			isa = PBXVariantGroup;
			children = (
				A0744DC31DEBE3D800BFD82E /* Base */,
			);
			name = LaunchScreen.storyboard;
			sourceTree = "<group>";
		};
/* End PBXVariantGroup section */

/* Begin XCBuildConfiguration section */
		A0744DC61DEBE3D800BFD82E /* Debug */ = {
			isa = XCBuildConfiguration;
			buildSettings = {
				ALWAYS_SEARCH_USER_PATHS = NO;
				CLANG_ANALYZER_NONNULL = YES;
				CLANG_CXX_LANGUAGE_STANDARD = "gnu++0x";
				CLANG_CXX_LIBRARY = "libc++";
				CLANG_ENABLE_MODULES = YES;
				CLANG_ENABLE_OBJC_ARC = YES;
				CLANG_WARN_BOOL_CONVERSION = YES;
				CLANG_WARN_CONSTANT_CONVERSION = YES;
				CLANG_WARN_DIRECT_OBJC_ISA_USAGE = YES_ERROR;
				CLANG_WARN_DOCUMENTATION_COMMENTS = YES;
				CLANG_WARN_EMPTY_BODY = YES;
				CLANG_WARN_ENUM_CONVERSION = YES;
				CLANG_WARN_INFINITE_RECURSION = YES;
				CLANG_WARN_INT_CONVERSION = YES;
				CLANG_WARN_OBJC_ROOT_CLASS = YES_ERROR;
				CLANG_WARN_SUSPICIOUS_MOVES = YES;
				CLANG_WARN_UNREACHABLE_CODE = YES;
				CLANG_WARN__DUPLICATE_METHOD_MATCH = YES;
				"CODE_SIGN_IDENTITY[sdk=iphoneos*]" = "iPhone Developer";
				COPY_PHASE_STRIP = NO;
				DEBUG_INFORMATION_FORMAT = dwarf;
				ENABLE_STRICT_OBJC_MSGSEND = YES;
				ENABLE_TESTABILITY = YES;
				GCC_C_LANGUAGE_STANDARD = gnu99;
				GCC_DYNAMIC_NO_PIC = NO;
				GCC_NO_COMMON_BLOCKS = YES;
				GCC_OPTIMIZATION_LEVEL = 0;
				GCC_PREPROCESSOR_DEFINITIONS = (
					"DEBUG=1",
					"$(inherited)",
				);
				GCC_WARN_64_TO_32_BIT_CONVERSION = YES;
				GCC_WARN_ABOUT_RETURN_TYPE = YES_ERROR;
				GCC_WARN_UNDECLARED_SELECTOR = YES;
				GCC_WARN_UNINITIALIZED_AUTOS = YES_AGGRESSIVE;
				GCC_WARN_UNUSED_FUNCTION = YES;
				GCC_WARN_UNUSED_VARIABLE = YES;
				IPHONEOS_DEPLOYMENT_TARGET = 10.1;
				MTL_ENABLE_DEBUG_INFO = YES;
				ONLY_ACTIVE_ARCH = YES;
				SDKROOT = iphoneos;
				SWIFT_ACTIVE_COMPILATION_CONDITIONS = DEBUG;
				SWIFT_OPTIMIZATION_LEVEL = "-Onone";
				TARGETED_DEVICE_FAMILY = 2;
			};
			name = Debug;
		};
		A0744DC71DEBE3D800BFD82E /* Release */ = {
			isa = XCBuildConfiguration;
			buildSettings = {
				ALWAYS_SEARCH_USER_PATHS = NO;
				CLANG_ANALYZER_NONNULL = YES;
				CLANG_CXX_LANGUAGE_STANDARD = "gnu++0x";
				CLANG_CXX_LIBRARY = "libc++";
				CLANG_ENABLE_MODULES = YES;
				CLANG_ENABLE_OBJC_ARC = YES;
				CLANG_WARN_BOOL_CONVERSION = YES;
				CLANG_WARN_CONSTANT_CONVERSION = YES;
				CLANG_WARN_DIRECT_OBJC_ISA_USAGE = YES_ERROR;
				CLANG_WARN_DOCUMENTATION_COMMENTS = YES;
				CLANG_WARN_EMPTY_BODY = YES;
				CLANG_WARN_ENUM_CONVERSION = YES;
				CLANG_WARN_INFINITE_RECURSION = YES;
				CLANG_WARN_INT_CONVERSION = YES;
				CLANG_WARN_OBJC_ROOT_CLASS = YES_ERROR;
				CLANG_WARN_SUSPICIOUS_MOVES = YES;
				CLANG_WARN_UNREACHABLE_CODE = YES;
				CLANG_WARN__DUPLICATE_METHOD_MATCH = YES;
				"CODE_SIGN_IDENTITY[sdk=iphoneos*]" = "iPhone Developer";
				COPY_PHASE_STRIP = NO;
				DEBUG_INFORMATION_FORMAT = "dwarf-with-dsym";
				ENABLE_NS_ASSERTIONS = NO;
				ENABLE_STRICT_OBJC_MSGSEND = YES;
				GCC_C_LANGUAGE_STANDARD = gnu99;
				GCC_NO_COMMON_BLOCKS = YES;
				GCC_WARN_64_TO_32_BIT_CONVERSION = YES;
				GCC_WARN_ABOUT_RETURN_TYPE = YES_ERROR;
				GCC_WARN_UNDECLARED_SELECTOR = YES;
				GCC_WARN_UNINITIALIZED_AUTOS = YES_AGGRESSIVE;
				GCC_WARN_UNUSED_FUNCTION = YES;
				GCC_WARN_UNUSED_VARIABLE = YES;
				IPHONEOS_DEPLOYMENT_TARGET = 10.1;
				MTL_ENABLE_DEBUG_INFO = NO;
				SDKROOT = iphoneos;
				SWIFT_OPTIMIZATION_LEVEL = "-Owholemodule";
				TARGETED_DEVICE_FAMILY = 2;
				VALIDATE_PRODUCT = YES;
			};
			name = Release;
		};
		A0744DC91DEBE3D800BFD82E /* Debug */ = {
			isa = XCBuildConfiguration;
			baseConfigurationReference = BA303E824CA36AD9E9A4699A /* Pods-SalesApp.debug.xcconfig */;
			buildSettings = {
				ASSETCATALOG_COMPILER_APPICON_NAME = AppIcon;
				DEVELOPMENT_TEAM = XU5X4U3S59;
				INFOPLIST_FILE = SalesApp/Info.plist;
				LD_RUNPATH_SEARCH_PATHS = "$(inherited) @executable_path/Frameworks";
				PRODUCT_BUNDLE_IDENTIFIER = dev.kobepham.SalesApp;
				PRODUCT_NAME = "$(TARGET_NAME)";
				SWIFT_VERSION = 3.0;
			};
			name = Debug;
		};
		A0744DCA1DEBE3D800BFD82E /* Release */ = {
			isa = XCBuildConfiguration;
			baseConfigurationReference = 5CDFC35F2024C3B6630E9569 /* Pods-SalesApp.release.xcconfig */;
			buildSettings = {
				ASSETCATALOG_COMPILER_APPICON_NAME = AppIcon;
				DEVELOPMENT_TEAM = XU5X4U3S59;
				INFOPLIST_FILE = SalesApp/Info.plist;
				LD_RUNPATH_SEARCH_PATHS = "$(inherited) @executable_path/Frameworks";
				PRODUCT_BUNDLE_IDENTIFIER = dev.kobepham.SalesApp;
				PRODUCT_NAME = "$(TARGET_NAME)";
				SWIFT_VERSION = 3.0;
			};
			name = Release;
		};
/* End XCBuildConfiguration section */

/* Begin XCConfigurationList section */
		A0744DAE1DEBE3D800BFD82E /* Build configuration list for PBXProject "SalesApp" */ = {
			isa = XCConfigurationList;
			buildConfigurations = (
				A0744DC61DEBE3D800BFD82E /* Debug */,
				A0744DC71DEBE3D800BFD82E /* Release */,
			);
			defaultConfigurationIsVisible = 0;
			defaultConfigurationName = Release;
		};
		A0744DC81DEBE3D800BFD82E /* Build configuration list for PBXNativeTarget "SalesApp" */ = {
			isa = XCConfigurationList;
			buildConfigurations = (
				A0744DC91DEBE3D800BFD82E /* Debug */,
				A0744DCA1DEBE3D800BFD82E /* Release */,
			);
			defaultConfigurationIsVisible = 0;
			defaultConfigurationName = Release;
		};
/* End XCConfigurationList section */

/* Begin XCVersionGroup section */
		A0744DBD1DEBE3D800BFD82E /* SalesApp.xcdatamodeld */ = {
			isa = XCVersionGroup;
			children = (
				A0744DBE1DEBE3D800BFD82E /* SalesApp.xcdatamodel */,
			);
			currentVersion = A0744DBE1DEBE3D800BFD82E /* SalesApp.xcdatamodel */;
			path = SalesApp.xcdatamodeld;
			sourceTree = "<group>";
			versionGroupType = wrapper.xcdatamodel;
		};
/* End XCVersionGroup section */
	};
	rootObject = A0744DAB1DEBE3D800BFD82E /* Project object */;
}
